
Microsoft Visual Studio Solution File, Format Version 12.00
# Visual Studio Version 16
VisualStudioVersion = 16.0.30413.136
MinimumVisualStudioVersion = 10.0.40219.1
Project("{FAE04EC0-301F-11D3-BF4B-00C04F79EFBC}") = "ExperimentWithControls", "ExperimentWithControls\ExperimentWithControls.csproj", "{9052D5C7-33A1-40D4-A204-F2A56B660337}"
EndProject
Global
	GlobalSection(SolutionConfigurationPlatforms) = preSolution
		Debug|Any CPU = Debug|Any CPU
		Release|Any CPU = Release|Any CPU
	EndGlobalSection
	GlobalSection(ProjectConfigurationPlatforms) = postSolution
		{9052D5C7-33A1-40D4-A204-F2A56B660337}.Debug|Any CPU.ActiveCfg = Debug|Any CPU
		{9052D5C7-33A1-40D4-A204-F2A56B660337}.Debug|Any CPU.Build.0 = Debug|Any CPU
		{9052D5C7-33A1-40D4-A204-F2A56B660337}.Release|Any CPU.ActiveCfg = Release|Any CPU
		{9052D5C7-33A1-40D4-A204-F2A56B660337}.Release|Any CPU.Build.0 = Release|Any CPU
	EndGlobalSection
	GlobalSection(SolutionProperties) = preSolution
		HideSolutionNode = FALSE
	EndGlobalSection
	GlobalSection(ExtensibilityGlobals) = postSolution
		SolutionGuid = {28464F38-D1EE-4057-BAA8-DDC197D07D3D}
	EndGlobalSection
EndGlobal
